
Microsoft Visual Studio Solution File, Format Version 12.00
# Visual Studio Version 16
VisualStudioVersion = 16.0.31112.23
MinimumVisualStudioVersion = 10.0.40219.1
Project("{FAE04EC0-301F-11D3-BF4B-00C04F79EFBC}") = "Ex03.GarageLogic", "Ex03.GarageLogic\Ex03.GarageLogic.csproj", "{D1F91E48-EA44-4FCF-9C3C-F92D72711FC5}"
EndProject
Project("{FAE04EC0-301F-11D3-BF4B-00C04F79EFBC}") = "Ex03.ConsoleUI", "Ex03.ConsoleUI\Ex03.ConsoleUI.csproj", "{8FFECD2D-DFC4-46D4-90DE-45D818DEF955}"
EndProject
Global
	GlobalSection(SolutionConfigurationPlatforms) = preSolution
		Debug|Any CPU = Debug|Any CPU
		Release|Any CPU = Release|Any CPU
	EndGlobalSection
	GlobalSection(ProjectConfigurationPlatforms) = postSolution
		{D1F91E48-EA44-4FCF-9C3C-F92D72711FC5}.Debug|Any CPU.ActiveCfg = Debug|Any CPU
		{D1F91E48-EA44-4FCF-9C3C-F92D72711FC5}.Debug|Any CPU.Build.0 = Debug|Any CPU
		{D1F91E48-EA44-4FCF-9C3C-F92D72711FC5}.Release|Any CPU.ActiveCfg = Release|Any CPU
		{D1F91E48-EA44-4FCF-9C3C-F92D72711FC5}.Release|Any CPU.Build.0 = Release|Any CPU
		{8FFECD2D-DFC4-46D4-90DE-45D818DEF955}.Debug|Any CPU.ActiveCfg = Debug|Any CPU
		{8FFECD2D-DFC4-46D4-90DE-45D818DEF955}.Debug|Any CPU.Build.0 = Debug|Any CPU
		{8FFECD2D-DFC4-46D4-90DE-45D818DEF955}.Release|Any CPU.ActiveCfg = Release|Any CPU
		{8FFECD2D-DFC4-46D4-90DE-45D818DEF955}.Release|Any CPU.Build.0 = Release|Any CPU
	EndGlobalSection
	GlobalSection(SolutionProperties) = preSolution
		HideSolutionNode = FALSE
	EndGlobalSection
	GlobalSection(ExtensibilityGlobals) = postSolution
		SolutionGuid = {8B8AC8A3-B460-4420-BA07-FCBD7BD617E9}
	EndGlobalSection
EndGlobal
